
Microsoft Visual Studio Solution File, Format Version 12.00
# Visual Studio Version 17
VisualStudioVersion = 17.0.31903.59
MinimumVisualStudioVersion = 10.0.40219.1
Project("{2150E333-8FDC-42A3-9474-1A3956D46DE8}") = "src", "src", "{827E0CD3-B72D-47B6-A68D-7590B98EB39B}"
EndProject
Project("{2150E333-8FDC-42A3-9474-1A3956D46DE8}") = "backend", "backend", "{FE360695-3F2B-1049-3887-35FBB5135923}"
EndProject
Project("{FAE04EC0-301F-11D3-BF4B-00C04F79EFBC}") = "Domain", "src\backend\Domain\Domain.csproj", "{6181500E-DE19-4CC6-A580-FF06B3380B1A}"
EndProject
Project("{FAE04EC0-301F-11D3-BF4B-00C04F79EFBC}") = "Infrastructure", "src\backend\Infrastructure\Infrastructure.csproj", "{5BEB7A8A-41B9-4347-A7CE-1A5D6DBEF921}"
EndProject
Project("{FAE04EC0-301F-11D3-BF4B-00C04F79EFBC}") = "Application", "src\backend\Application\Application.csproj", "{A8B24CC2-E16A-4825-BA90-2C4B45566414}"
EndProject
Project("{FAE04EC0-301F-11D3-BF4B-00C04F79EFBC}") = "WebAPI", "src\backend\WebAPI\WebAPI.csproj", "{B9C15E7F-8D3A-4B2C-9F4E-2A1B6C8D9E3F}"
EndProject
Project("{E53339B2-1760-4266-BCC7-CA923CBCF16C}") = "docker-compose", "docker-compose.dcproj", "{81DDED9D-158B-E303-5F62-77A2896D2A5A}"
EndProject
Global
	GlobalSection(SolutionConfigurationPlatforms) = preSolution
		Debug|Any CPU = Debug|Any CPU
		Debug|x64 = Debug|x64
		Debug|x86 = Debug|x86
		Release|Any CPU = Release|Any CPU
		Release|x64 = Release|x64
		Release|x86 = Release|x86
	EndGlobalSection
	GlobalSection(ProjectConfigurationPlatforms) = postSolution
		{6181500E-DE19-4CC6-A580-FF06B3380B1A}.Debug|Any CPU.ActiveCfg = Debug|Any CPU
		{6181500E-DE19-4CC6-A580-FF06B3380B1A}.Debug|Any CPU.Build.0 = Debug|Any CPU
		{6181500E-DE19-4CC6-A580-FF06B3380B1A}.Debug|x64.ActiveCfg = Debug|Any CPU
		{6181500E-DE19-4CC6-A580-FF06B3380B1A}.Debug|x64.Build.0 = Debug|Any CPU
		{6181500E-DE19-4CC6-A580-FF06B3380B1A}.Debug|x86.ActiveCfg = Debug|Any CPU
		{6181500E-DE19-4CC6-A580-FF06B3380B1A}.Debug|x86.Build.0 = Debug|Any CPU
		{6181500E-DE19-4CC6-A580-FF06B3380B1A}.Release|Any CPU.ActiveCfg = Release|Any CPU
		{6181500E-DE19-4CC6-A580-FF06B3380B1A}.Release|Any CPU.Build.0 = Release|Any CPU
		{6181500E-DE19-4CC6-A580-FF06B3380B1A}.Release|x64.ActiveCfg = Release|Any CPU
		{6181500E-DE19-4CC6-A580-FF06B3380B1A}.Release|x64.Build.0 = Release|Any CPU
		{6181500E-DE19-4CC6-A580-FF06B3380B1A}.Release|x86.ActiveCfg = Release|Any CPU
		{6181500E-DE19-4CC6-A580-FF06B3380B1A}.Release|x86.Build.0 = Release|Any CPU
		{5BEB7A8A-41B9-4347-A7CE-1A5D6DBEF921}.Debug|Any CPU.ActiveCfg = Debug|Any CPU
		{5BEB7A8A-41B9-4347-A7CE-1A5D6DBEF921}.Debug|Any CPU.Build.0 = Debug|Any CPU
		{5BEB7A8A-41B9-4347-A7CE-1A5D6DBEF921}.Debug|x64.ActiveCfg = Debug|Any CPU
		{5BEB7A8A-41B9-4347-A7CE-1A5D6DBEF921}.Debug|x64.Build.0 = Debug|Any CPU
		{5BEB7A8A-41B9-4347-A7CE-1A5D6DBEF921}.Debug|x86.ActiveCfg = Debug|Any CPU
		{5BEB7A8A-41B9-4347-A7CE-1A5D6DBEF921}.Debug|x86.Build.0 = Debug|Any CPU
		{5BEB7A8A-41B9-4347-A7CE-1A5D6DBEF921}.Release|Any CPU.ActiveCfg = Release|Any CPU
		{5BEB7A8A-41B9-4347-A7CE-1A5D6DBEF921}.Release|Any CPU.Build.0 = Release|Any CPU
		{5BEB7A8A-41B9-4347-A7CE-1A5D6DBEF921}.Release|x64.ActiveCfg = Release|Any CPU
		{5BEB7A8A-41B9-4347-A7CE-1A5D6DBEF921}.Release|x64.Build.0 = Release|Any CPU
		{5BEB7A8A-41B9-4347-A7CE-1A5D6DBEF921}.Release|x86.ActiveCfg = Release|Any CPU
		{5BEB7A8A-41B9-4347-A7CE-1A5D6DBEF921}.Release|x86.Build.0 = Release|Any CPU
		{A8B24CC2-E16A-4825-BA90-2C4B45566414}.Debug|Any CPU.ActiveCfg = Debug|Any CPU
		{A8B24CC2-E16A-4825-BA90-2C4B45566414}.Debug|Any CPU.Build.0 = Debug|Any CPU
		{A8B24CC2-E16A-4825-BA90-2C4B45566414}.Debug|x64.ActiveCfg = Debug|Any CPU
		{A8B24CC2-E16A-4825-BA90-2C4B45566414}.Debug|x64.Build.0 = Debug|Any CPU
		{A8B24CC2-E16A-4825-BA90-2C4B45566414}.Debug|x86.ActiveCfg = Debug|Any CPU
		{A8B24CC2-E16A-4825-BA90-2C4B45566414}.Debug|x86.Build.0 = Debug|Any CPU
		{A8B24CC2-E16A-4825-BA90-2C4B45566414}.Release|Any CPU.ActiveCfg = Release|Any CPU
		{A8B24CC2-E16A-4825-BA90-2C4B45566414}.Release|Any CPU.Build.0 = Release|Any CPU
		{A8B24CC2-E16A-4825-BA90-2C4B45566414}.Release|x64.ActiveCfg = Release|Any CPU
		{A8B24CC2-E16A-4825-BA90-2C4B45566414}.Release|x64.Build.0 = Release|Any CPU
		{A8B24CC2-E16A-4825-BA90-2C4B45566414}.Release|x86.ActiveCfg = Release|Any CPU
		{A8B24CC2-E16A-4825-BA90-2C4B45566414}.Release|x86.Build.0 = Release|Any CPU
		{B9C15E7F-8D3A-4B2C-9F4E-2A1B6C8D9E3F}.Debug|Any CPU.ActiveCfg = Debug|Any CPU
		{B9C15E7F-8D3A-4B2C-9F4E-2A1B6C8D9E3F}.Debug|Any CPU.Build.0 = Debug|Any CPU
		{B9C15E7F-8D3A-4B2C-9F4E-2A1B6C8D9E3F}.Debug|x64.ActiveCfg = Debug|Any CPU
		{B9C15E7F-8D3A-4B2C-9F4E-2A1B6C8D9E3F}.Debug|x64.Build.0 = Debug|Any CPU
		{B9C15E7F-8D3A-4B2C-9F4E-2A1B6C8D9E3F}.Debug|x86.ActiveCfg = Debug|Any CPU
		{B9C15E7F-8D3A-4B2C-9F4E-2A1B6C8D9E3F}.Debug|x86.Build.0 = Debug|Any CPU
		{B9C15E7F-8D3A-4B2C-9F4E-2A1B6C8D9E3F}.Release|Any CPU.ActiveCfg = Release|Any CPU
		{B9C15E7F-8D3A-4B2C-9F4E-2A1B6C8D9E3F}.Release|Any CPU.Build.0 = Release|Any CPU
		{B9C15E7F-8D3A-4B2C-9F4E-2A1B6C8D9E3F}.Release|x64.ActiveCfg = Release|Any CPU
		{B9C15E7F-8D3A-4B2C-9F4E-2A1B6C8D9E3F}.Release|x64.Build.0 = Release|Any CPU
		{B9C15E7F-8D3A-4B2C-9F4E-2A1B6C8D9E3F}.Release|x86.ActiveCfg = Release|Any CPU
		{B9C15E7F-8D3A-4B2C-9F4E-2A1B6C8D9E3F}.Release|x86.Build.0 = Release|Any CPU
		{81DDED9D-158B-E303-5F62-77A2896D2A5A}.Debug|Any CPU.ActiveCfg = Debug|Any CPU
		{81DDED9D-158B-E303-5F62-77A2896D2A5A}.Debug|Any CPU.Build.0 = Debug|Any CPU
		{81DDED9D-158B-E303-5F62-77A2896D2A5A}.Debug|x64.ActiveCfg = Debug|Any CPU
		{81DDED9D-158B-E303-5F62-77A2896D2A5A}.Debug|x64.Build.0 = Debug|Any CPU
		{81DDED9D-158B-E303-5F62-77A2896D2A5A}.Debug|x86.ActiveCfg = Debug|Any CPU
		{81DDED9D-158B-E303-5F62-77A2896D2A5A}.Debug|x86.Build.0 = Debug|Any CPU
		{81DDED9D-158B-E303-5F62-77A2896D2A5A}.Release|Any CPU.ActiveCfg = Release|Any CPU
		{81DDED9D-158B-E303-5F62-77A2896D2A5A}.Release|Any CPU.Build.0 = Release|Any CPU
		{81DDED9D-158B-E303-5F62-77A2896D2A5A}.Release|x64.ActiveCfg = Release|Any CPU
		{81DDED9D-158B-E303-5F62-77A2896D2A5A}.Release|x64.Build.0 = Release|Any CPU
		{81DDED9D-158B-E303-5F62-77A2896D2A5A}.Release|x86.ActiveCfg = Release|Any CPU
		{81DDED9D-158B-E303-5F62-77A2896D2A5A}.Release|x86.Build.0 = Release|Any CPU
	EndGlobalSection
	GlobalSection(SolutionProperties) = preSolution
		HideSolutionNode = FALSE
	EndGlobalSection
	GlobalSection(NestedProjects) = preSolution
		{FE360695-3F2B-1049-3887-35FBB5135923} = {827E0CD3-B72D-47B6-A68D-7590B98EB39B}
		{6181500E-DE19-4CC6-A580-FF06B3380B1A} = {FE360695-3F2B-1049-3887-35FBB5135923}
		{5BEB7A8A-41B9-4347-A7CE-1A5D6DBEF921} = {FE360695-3F2B-1049-3887-35FBB5135923}
		{A8B24CC2-E16A-4825-BA90-2C4B45566414} = {FE360695-3F2B-1049-3887-35FBB5135923}
		{B9C15E7F-8D3A-4B2C-9F4E-2A1B6C8D9E3F} = {FE360695-3F2B-1049-3887-35FBB5135923}
	EndGlobalSection
EndGlobal
